
Microsoft Visual Studio Solution File, Format Version 12.00
# Visual Studio Version 17
VisualStudioVersion = 17.2.32317.152
MinimumVisualStudioVersion = 10.0.40219.1
Project("{2150E333-8FDC-42A3-9474-1A3956D46DE8}") = "src", "src", "{5F108980-CFF3-4922-84C0-C6F6A67BDE1B}"
EndProject
Project("{2150E333-8FDC-42A3-9474-1A3956D46DE8}") = "tests", "tests", "{BF6FB4DB-5CF1-4890-9D0A-3299A60265DA}"
EndProject
Project("{9A19103F-16F7-4668-BE54-9A1E7A4F7556}") = "BookStore.Services", "src\BookStore.Services\BookStore.Services.csproj", "{07E9B6A8-A404-428D-91DD-AD7D05EE437A}"
EndProject
Project("{9A19103F-16F7-4668-BE54-9A1E7A4F7556}") = "BookStore.Models", "src\BookStore.Models\BookStore.Models.csproj", "{1A00E0E0-87A1-4F42-9514-FF8A4749534C}"
EndProject
Project("{9A19103F-16F7-4668-BE54-9A1E7A4F7556}") = "BookStore.Console", "src\BookStore.Console\BookStore.Console.csproj", "{B9EF3540-316D-4A97-8186-34E02373C1C4}"
EndProject
Project("{FAE04EC0-301F-11D3-BF4B-00C04F79EFBC}") = "BooksStoreTestUnitaire", "tests\BooksStoreTestUnitaire\BooksStoreTestUnitaire.csproj", "{99E25CF6-53AD-4CC4-BF8B-9084DEA4790C}"
EndProject
Global
	GlobalSection(SolutionConfigurationPlatforms) = preSolution
		Debug|Any CPU = Debug|Any CPU
		Release|Any CPU = Release|Any CPU
	EndGlobalSection
	GlobalSection(ProjectConfigurationPlatforms) = postSolution
		{07E9B6A8-A404-428D-91DD-AD7D05EE437A}.Debug|Any CPU.ActiveCfg = Debug|Any CPU
		{07E9B6A8-A404-428D-91DD-AD7D05EE437A}.Debug|Any CPU.Build.0 = Debug|Any CPU
		{07E9B6A8-A404-428D-91DD-AD7D05EE437A}.Release|Any CPU.ActiveCfg = Release|Any CPU
		{07E9B6A8-A404-428D-91DD-AD7D05EE437A}.Release|Any CPU.Build.0 = Release|Any CPU
		{1A00E0E0-87A1-4F42-9514-FF8A4749534C}.Debug|Any CPU.ActiveCfg = Debug|Any CPU
		{1A00E0E0-87A1-4F42-9514-FF8A4749534C}.Debug|Any CPU.Build.0 = Debug|Any CPU
		{1A00E0E0-87A1-4F42-9514-FF8A4749534C}.Release|Any CPU.ActiveCfg = Release|Any CPU
		{1A00E0E0-87A1-4F42-9514-FF8A4749534C}.Release|Any CPU.Build.0 = Release|Any CPU
		{B9EF3540-316D-4A97-8186-34E02373C1C4}.Debug|Any CPU.ActiveCfg = Debug|Any CPU
		{B9EF3540-316D-4A97-8186-34E02373C1C4}.Debug|Any CPU.Build.0 = Debug|Any CPU
		{B9EF3540-316D-4A97-8186-34E02373C1C4}.Release|Any CPU.ActiveCfg = Release|Any CPU
		{B9EF3540-316D-4A97-8186-34E02373C1C4}.Release|Any CPU.Build.0 = Release|Any CPU
		{99E25CF6-53AD-4CC4-BF8B-9084DEA4790C}.Debug|Any CPU.ActiveCfg = Debug|Any CPU
		{99E25CF6-53AD-4CC4-BF8B-9084DEA4790C}.Debug|Any CPU.Build.0 = Debug|Any CPU
		{99E25CF6-53AD-4CC4-BF8B-9084DEA4790C}.Release|Any CPU.ActiveCfg = Release|Any CPU
		{99E25CF6-53AD-4CC4-BF8B-9084DEA4790C}.Release|Any CPU.Build.0 = Release|Any CPU
	EndGlobalSection
	GlobalSection(SolutionProperties) = preSolution
		HideSolutionNode = FALSE
	EndGlobalSection
	GlobalSection(NestedProjects) = preSolution
		{07E9B6A8-A404-428D-91DD-AD7D05EE437A} = {5F108980-CFF3-4922-84C0-C6F6A67BDE1B}
		{1A00E0E0-87A1-4F42-9514-FF8A4749534C} = {5F108980-CFF3-4922-84C0-C6F6A67BDE1B}
		{B9EF3540-316D-4A97-8186-34E02373C1C4} = {5F108980-CFF3-4922-84C0-C6F6A67BDE1B}
		{99E25CF6-53AD-4CC4-BF8B-9084DEA4790C} = {BF6FB4DB-5CF1-4890-9D0A-3299A60265DA}
	EndGlobalSection
	GlobalSection(ExtensibilityGlobals) = postSolution
		SolutionGuid = {D1E16171-9105-4627-A94F-E17DDF9147EC}
	EndGlobalSection
EndGlobal
